
Microsoft Visual Studio Solution File, Format Version 12.00
# Visual Studio Version 17
VisualStudioVersion = 17.9.34714.143
MinimumVisualStudioVersion = 10.0.40219.1
Project("{FAE04EC0-301F-11D3-BF4B-00C04F79EFBC}") = "12 practice", "13 pexbksa\12 practice.csproj", "{A3661753-F13D-409D-85C6-A4372193285B}"
EndProject
Global
	GlobalSection(SolutionConfigurationPlatforms) = preSolution
		Debug|Any CPU = Debug|Any CPU
		Release|Any CPU = Release|Any CPU
	EndGlobalSection
	GlobalSection(ProjectConfigurationPlatforms) = postSolution
		{A3661753-F13D-409D-85C6-A4372193285B}.Debug|Any CPU.ActiveCfg = Debug|Any CPU
		{A3661753-F13D-409D-85C6-A4372193285B}.Debug|Any CPU.Build.0 = Debug|Any CPU
		{A3661753-F13D-409D-85C6-A4372193285B}.Release|Any CPU.ActiveCfg = Release|Any CPU
		{A3661753-F13D-409D-85C6-A4372193285B}.Release|Any CPU.Build.0 = Release|Any CPU
	EndGlobalSection
	GlobalSection(SolutionProperties) = preSolution
		HideSolutionNode = FALSE
	EndGlobalSection
	GlobalSection(ExtensibilityGlobals) = postSolution
		SolutionGuid = {8884BF1A-E1A8-47B3-BF45-93C3CF52AFE6}
	EndGlobalSection
EndGlobal
